// !$*UTF8*$!
{
	archiveVersion = 1;
	classes = {
	};
	objectVersion = 48;
	objects = {

/* Begin PBXBuildFile section */
		1119C68320AA135800DDFCC2 /* README.md in Resources */ = {isa = PBXBuildFile; fileRef = 1119C68220AA135700DDFCC2 /* README.md */; };
		11D4F6BF20A1927700892189 /* LaunchScreen.storyboard in Sources */ = {isa = PBXBuildFile; fileRef = 395C9952200707A40025413C /* LaunchScreen.storyboard */; };
		11D4F6C020A1927700892189 /* Assets.xcassets in Sources */ = {isa = PBXBuildFile; fileRef = 395C9950200707A40025413C /* Assets.xcassets */; };
		11D4F6C120A1927700892189 /* Main.storyboard in Sources */ = {isa = PBXBuildFile; fileRef = 395C994D200707A30025413C /* Main.storyboard */; };
		390033E7206EE9F100C61E5D /* ObjectOrigin.swift in Sources */ = {isa = PBXBuildFile; fileRef = 390033E6206EE9F100C61E5D /* ObjectOrigin.swift */; };
		390033F4206F143F00C61E5D /* ScannedPointCloud.swift in Sources */ = {isa = PBXBuildFile; fileRef = 390033F3206F143F00C61E5D /* ScannedPointCloud.swift */; };
		390033F8206F149100C61E5D /* BoundingBoxSide.swift in Sources */ = {isa = PBXBuildFile; fileRef = 390033F7206F149100C61E5D /* BoundingBoxSide.swift */; };
		390033FA206F15F700C61E5D /* Scan.swift in Sources */ = {isa = PBXBuildFile; fileRef = 390033F9206F15F700C61E5D /* Scan.swift */; };
		39435E522072FAD9009BD1A8 /* DetectedObject.swift in Sources */ = {isa = PBXBuildFile; fileRef = 39435E512072FAD9009BD1A8 /* DetectedObject.swift */; };
		3947D3EA207543D500BDBE95 /* ScannedObject.swift in Sources */ = {isa = PBXBuildFile; fileRef = 3947D3E9207543D500BDBE95 /* ScannedObject.swift */; };
		3947D4002076927E00BDBE95 /* Wireframe.swift in Sources */ = {isa = PBXBuildFile; fileRef = 3947D3FF2076927E00BDBE95 /* Wireframe.swift */; };
		395C9948200707A30025413C /* AppDelegate.swift in Sources */ = {isa = PBXBuildFile; fileRef = 395C9947200707A30025413C /* AppDelegate.swift */; };
		395C994C200707A30025413C /* ViewController.swift in Sources */ = {isa = PBXBuildFile; fileRef = 395C994B200707A30025413C /* ViewController.swift */; };
		39778216209A704B003AA644 /* DetectedBoundingBox.swift in Sources */ = {isa = PBXBuildFile; fileRef = 39778215209A704B003AA644 /* DetectedBoundingBox.swift */; };
		39D6E977207A8878002CF536 /* TestRun.swift in Sources */ = {isa = PBXBuildFile; fileRef = 39D6E976207A8878002CF536 /* TestRun.swift */; };
		39D6E980207A8956002CF536 /* DetectedPointCloud.swift in Sources */ = {isa = PBXBuildFile; fileRef = 39D6E97F207A8956002CF536 /* DetectedPointCloud.swift */; };
		39D6E984207B1D05002CF536 /* ViewController+ApplicationState.swift in Sources */ = {isa = PBXBuildFile; fileRef = 39D6E983207B1D05002CF536 /* ViewController+ApplicationState.swift */; };
		39E6F85A200EE27800B278CA /* Utilities.swift in Sources */ = {isa = PBXBuildFile; fileRef = 39E6F859200EE27800B278CA /* Utilities.swift */; };
		C42056AE20C75C9D003754C1 /* Snapping.swift in Sources */ = {isa = PBXBuildFile; fileRef = C42056AD20C75C9D003754C1 /* Snapping.swift */; };
		C4543844207F38460016097A /* art.scnassets in Resources */ = {isa = PBXBuildFile; fileRef = C4543843207F38460016097A /* art.scnassets */; };
		C45BF9CA208E11420070CB19 /* ViewController+NavigationBar.swift in Sources */ = {isa = PBXBuildFile; fileRef = C45BF9C9208E11420070CB19 /* ViewController+NavigationBar.swift */; };
		C46B56342015D997001C41CE /* BoundingBox.swift in Sources */ = {isa = PBXBuildFile; fileRef = C46B56332015D997001C41CE /* BoundingBox.swift */; };
		C46B56372016079A001C41CE /* ShareScanViewController.swift in Sources */ = {isa = PBXBuildFile; fileRef = C46B56362016079A001C41CE /* ShareScanViewController.swift */; };
		C46B563B20173523001C41CE /* ARCameraTrackingState.swift in Sources */ = {isa = PBXBuildFile; fileRef = C46B563A20173523001C41CE /* ARCameraTrackingState.swift */; };
		C46B563D20173795001C41CE /* MessageLabel.swift in Sources */ = {isa = PBXBuildFile; fileRef = C46B563C20173795001C41CE /* MessageLabel.swift */; };
		C479BF2E201F2C790030C57A /* ViewController+Gestures.swift in Sources */ = {isa = PBXBuildFile; fileRef = C479BF2D201F2C790030C57A /* ViewController+Gestures.swift */; };
		C47CE835207794880011A27B /* ObjectOriginAxis.swift in Sources */ = {isa = PBXBuildFile; fileRef = C47CE834207794880011A27B /* ObjectOriginAxis.swift */; };
		C47CE842207B96830011A27B /* PointCloud+CreateVisualization.swift in Sources */ = {isa = PBXBuildFile; fileRef = C47CE841207B96830011A27B /* PointCloud+CreateVisualization.swift */; };
		C47D1E1720B3763C00DC3FDE /* ViewController+SessionInfo.swift in Sources */ = {isa = PBXBuildFile; fileRef = C47D1E1620B3763C00DC3FDE /* ViewController+SessionInfo.swift */; };
		C47FEA4E20888B83008C1749 /* ThresholdPinchGestureRecognizer.swift in Sources */ = {isa = PBXBuildFile; fileRef = C47FEA4D20888B83008C1749 /* ThresholdPinchGestureRecognizer.swift */; };
		C49D033A20A07F34003D21D7 /* ThresholdPanGestureRecognizer.swift in Sources */ = {isa = PBXBuildFile; fileRef = C49D033920A07F34003D21D7 /* ThresholdPanGestureRecognizer.swift */; };
		C49D034020A086D2003D21D7 /* ThresholdRotationGestureRecognizer.swift in Sources */ = {isa = PBXBuildFile; fileRef = C49D033F20A086D2003D21D7 /* ThresholdRotationGestureRecognizer.swift */; };
		C4A938C5208799D3008D5D13 /* Tile.swift in Sources */ = {isa = PBXBuildFile; fileRef = C4A938C4208799D3008D5D13 /* Tile.swift */; };
		C4B16A0820AF2DEE00BE6B5B /* FlashlightButton.swift in Sources */ = {isa = PBXBuildFile; fileRef = C4B16A0720AF2DEE00BE6B5B /* FlashlightButton.swift */; };
		C4CE2699203AF7A1007B12A5 /* RoundedButton.swift in Sources */ = {isa = PBXBuildFile; fileRef = C4CE2690203AF7A1007B12A5 /* RoundedButton.swift */; };
/* End PBXBuildFile section */

/* Begin PBXFileReference section */
		1119C68220AA135700DDFCC2 /* README.md */ = {isa = PBXFileReference; fileEncoding = 4; lastKnownFileType = net.daringfireball.markdown; path = README.md; sourceTree = "<group>"; };
		390033E6206EE9F100C61E5D /* ObjectOrigin.swift */ = {isa = PBXFileReference; lastKnownFileType = sourcecode.swift; path = ObjectOrigin.swift; sourceTree = "<group>"; };
		390033F3206F143F00C61E5D /* ScannedPointCloud.swift */ = {isa = PBXFileReference; lastKnownFileType = sourcecode.swift; path = ScannedPointCloud.swift; sourceTree = "<group>"; };
		390033F7206F149100C61E5D /* BoundingBoxSide.swift */ = {isa = PBXFileReference; lastKnownFileType = sourcecode.swift; path = BoundingBoxSide.swift; sourceTree = "<group>"; };
		390033F9206F15F700C61E5D /* Scan.swift */ = {isa = PBXFileReference; lastKnownFileType = sourcecode.swift; path = Scan.swift; sourceTree = "<group>"; };
		39435E512072FAD9009BD1A8 /* DetectedObject.swift */ = {isa = PBXFileReference; lastKnownFileType = sourcecode.swift; path = DetectedObject.swift; sourceTree = "<group>"; };
		3947D3E9207543D500BDBE95 /* ScannedObject.swift */ = {isa = PBXFileReference; lastKnownFileType = sourcecode.swift; path = ScannedObject.swift; sourceTree = "<group>"; };
		3947D3FF2076927E00BDBE95 /* Wireframe.swift */ = {isa = PBXFileReference; lastKnownFileType = sourcecode.swift; path = Wireframe.swift; sourceTree = "<group>"; };
		395C9944200707A30025413C /* ScanningApp.app */ = {isa = PBXFileReference; explicitFileType = wrapper.application; includeInIndex = 0; path = ScanningApp.app; sourceTree = BUILT_PRODUCTS_DIR; };
		395C9947200707A30025413C /* AppDelegate.swift */ = {isa = PBXFileReference; lastKnownFileType = sourcecode.swift; path = AppDelegate.swift; sourceTree = "<group>"; };
		395C994B200707A30025413C /* ViewController.swift */ = {isa = PBXFileReference; lastKnownFileType = sourcecode.swift; path = ViewController.swift; sourceTree = "<group>"; };
		395C994E200707A30025413C /* Base */ = {isa = PBXFileReference; lastKnownFileType = file.storyboard; name = Base; path = Base.lproj/Main.storyboard; sourceTree = "<group>"; };
		395C9950200707A40025413C /* Assets.xcassets */ = {isa = PBXFileReference; lastKnownFileType = folder.assetcatalog; name = Assets.xcassets; path = ScanningApp/Assets.xcassets; sourceTree = "<group>"; };
		395C9953200707A40025413C /* Base */ = {isa = PBXFileReference; lastKnownFileType = file.storyboard; name = Base; path = Base.lproj/LaunchScreen.storyboard; sourceTree = "<group>"; };
		395C9955200707A40025413C /* Info.plist */ = {isa = PBXFileReference; lastKnownFileType = text.plist.xml; name = Info.plist; path = ScanningApp/Info.plist; sourceTree = "<group>"; };
		39778215209A704B003AA644 /* DetectedBoundingBox.swift */ = {isa = PBXFileReference; lastKnownFileType = sourcecode.swift; path = DetectedBoundingBox.swift; sourceTree = "<group>"; };
		39D6E976207A8878002CF536 /* TestRun.swift */ = {isa = PBXFileReference; lastKnownFileType = sourcecode.swift; path = TestRun.swift; sourceTree = "<group>"; };
		39D6E97F207A8956002CF536 /* DetectedPointCloud.swift */ = {isa = PBXFileReference; lastKnownFileType = sourcecode.swift; path = DetectedPointCloud.swift; sourceTree = "<group>"; };
		39D6E983207B1D05002CF536 /* ViewController+ApplicationState.swift */ = {isa = PBXFileReference; lastKnownFileType = sourcecode.swift; path = "ViewController+ApplicationState.swift"; sourceTree = "<group>"; };
		39E6F859200EE27800B278CA /* Utilities.swift */ = {isa = PBXFileReference; lastKnownFileType = sourcecode.swift; path = Utilities.swift; sourceTree = "<group>"; };
		8A2A1D055879AB6F2D13B830 /* LICENSE.txt */ = {isa = PBXFileReference; includeInIndex = 1; path = LICENSE.txt; sourceTree = "<group>"; };
		AA284D3298D408760002CBBA /* SampleCode.xcconfig */ = {isa = PBXFileReference; name = SampleCode.xcconfig; path = Configuration/SampleCode.xcconfig; sourceTree = "<group>"; };
		C42056AD20C75C9D003754C1 /* Snapping.swift */ = {isa = PBXFileReference; fileEncoding = 4; lastKnownFileType = sourcecode.swift; path = Snapping.swift; sourceTree = "<group>"; };
		C4543843207F38460016097A /* art.scnassets */ = {isa = PBXFileReference; lastKnownFileType = wrapper.scnassets; name = art.scnassets; path = ScanningApp/art.scnassets; sourceTree = "<group>"; };
		C45BF9C9208E11420070CB19 /* ViewController+NavigationBar.swift */ = {isa = PBXFileReference; fileEncoding = 4; lastKnownFileType = sourcecode.swift; path = "ViewController+NavigationBar.swift"; sourceTree = "<group>"; };
		C46B56332015D997001C41CE /* BoundingBox.swift */ = {isa = PBXFileReference; fileEncoding = 4; lastKnownFileType = sourcecode.swift; path = BoundingBox.swift; sourceTree = "<group>"; };
		C46B56362016079A001C41CE /* ShareScanViewController.swift */ = {isa = PBXFileReference; lastKnownFileType = sourcecode.swift; path = ShareScanViewController.swift; sourceTree = "<group>"; };
		C46B563A20173523001C41CE /* ARCameraTrackingState.swift */ = {isa = PBXFileReference; fileEncoding = 4; lastKnownFileType = sourcecode.swift; path = ARCameraTrackingState.swift; sourceTree = "<group>"; };
		C46B563C20173795001C41CE /* MessageLabel.swift */ = {isa = PBXFileReference; fileEncoding = 4; lastKnownFileType = sourcecode.swift; path = MessageLabel.swift; sourceTree = "<group>"; };
		C479BF2D201F2C790030C57A /* ViewController+Gestures.swift */ = {isa = PBXFileReference; fileEncoding = 4; lastKnownFileType = sourcecode.swift; path = "ViewController+Gestures.swift"; sourceTree = "<group>"; };
		C47CE834207794880011A27B /* ObjectOriginAxis.swift */ = {isa = PBXFileReference; lastKnownFileType = sourcecode.swift; path = ObjectOriginAxis.swift; sourceTree = "<group>"; };
		C47CE841207B96830011A27B /* PointCloud+CreateVisualization.swift */ = {isa = PBXFileReference; lastKnownFileType = sourcecode.swift; path = "PointCloud+CreateVisualization.swift"; sourceTree = "<group>"; };
		C47D1E1620B3763C00DC3FDE /* ViewController+SessionInfo.swift */ = {isa = PBXFileReference; fileEncoding = 4; lastKnownFileType = sourcecode.swift; path = "ViewController+SessionInfo.swift"; sourceTree = "<group>"; };
		C47FEA4D20888B83008C1749 /* ThresholdPinchGestureRecognizer.swift */ = {isa = PBXFileReference; fileEncoding = 4; lastKnownFileType = sourcecode.swift; path = ThresholdPinchGestureRecognizer.swift; sourceTree = "<group>"; };
		C49D033920A07F34003D21D7 /* ThresholdPanGestureRecognizer.swift */ = {isa = PBXFileReference; fileEncoding = 4; lastKnownFileType = sourcecode.swift; path = ThresholdPanGestureRecognizer.swift; sourceTree = "<group>"; };
		C49D033F20A086D2003D21D7 /* ThresholdRotationGestureRecognizer.swift */ = {isa = PBXFileReference; fileEncoding = 4; lastKnownFileType = sourcecode.swift; path = ThresholdRotationGestureRecognizer.swift; sourceTree = "<group>"; };
		C4A938C4208799D3008D5D13 /* Tile.swift */ = {isa = PBXFileReference; lastKnownFileType = sourcecode.swift; path = Tile.swift; sourceTree = "<group>"; };
		C4B16A0720AF2DEE00BE6B5B /* FlashlightButton.swift */ = {isa = PBXFileReference; fileEncoding = 4; lastKnownFileType = sourcecode.swift; path = FlashlightButton.swift; sourceTree = "<group>"; };
		C4CE2690203AF7A1007B12A5 /* RoundedButton.swift */ = {isa = PBXFileReference; fileEncoding = 4; lastKnownFileType = sourcecode.swift; path = RoundedButton.swift; sourceTree = "<group>"; };
/* End PBXFileReference section */

/* Begin PBXFrameworksBuildPhase section */
		395C9941200707A30025413C /* Frameworks */ = {
			isa = PBXFrameworksBuildPhase;
			buildActionMask = 2147483647;
			files = (
			);
			runOnlyForDeploymentPostprocessing = 0;
		};
/* End PBXFrameworksBuildPhase section */

/* Begin PBXGroup section */
		1119C68420AA138500DDFCC2 /* 3D UI and Visualizations  */ = {
			isa = PBXGroup;
			children = (
				C46B56332015D997001C41CE /* BoundingBox.swift */,
				39778215209A704B003AA644 /* DetectedBoundingBox.swift */,
				390033F7206F149100C61E5D /* BoundingBoxSide.swift */,
				39435E512072FAD9009BD1A8 /* DetectedObject.swift */,
				39D6E97F207A8956002CF536 /* DetectedPointCloud.swift */,
				390033E6206EE9F100C61E5D /* ObjectOrigin.swift */,
				C47CE834207794880011A27B /* ObjectOriginAxis.swift */,
				C47CE841207B96830011A27B /* PointCloud+CreateVisualization.swift */,
				3947D3E9207543D500BDBE95 /* ScannedObject.swift */,
				390033F3206F143F00C61E5D /* ScannedPointCloud.swift */,
				C42056AD20C75C9D003754C1 /* Snapping.swift */,
				C4A938C4208799D3008D5D13 /* Tile.swift */,
				3947D3FF2076927E00BDBE95 /* Wireframe.swift */,
			);
			name = "3D UI and Visualizations ";
			path = "ScanningApp/3D UI and Visualizations ";
			sourceTree = "<group>";
		};
		11D4F6C220A1973300892189 /* Gesture Recognizers */ = {
			isa = PBXGroup;
			children = (
				C49D033920A07F34003D21D7 /* ThresholdPanGestureRecognizer.swift */,
				C47FEA4D20888B83008C1749 /* ThresholdPinchGestureRecognizer.swift */,
				C49D033F20A086D2003D21D7 /* ThresholdRotationGestureRecognizer.swift */,
			);
			name = "Gesture Recognizers";
			path = "ScanningApp/Gesture Recognizers";
			sourceTree = "<group>";
		};
		11D4F6C320A19AF200892189 /* Utility Extensions */ = {
			isa = PBXGroup;
			children = (
				C46B563A20173523001C41CE /* ARCameraTrackingState.swift */,
				39E6F859200EE27800B278CA /* Utilities.swift */,
			);
			name = "Utility Extensions";
			path = "ScanningApp/Utility Extensions";
			sourceTree = "<group>";
		};
		395C993B200707A30025413C = {
			isa = PBXGroup;
			children = (
				1119C68220AA135700DDFCC2 /* README.md */,
				C479BF30201F84D70030C57A /* Controllers */,
				C479BF31201F84EB0030C57A /* Views */,
				11D4F6C220A1973300892189 /* Gesture Recognizers */,
				1119C68420AA138500DDFCC2 /* 3D UI and Visualizations  */,
				11D4F6C320A19AF200892189 /* Utility Extensions */,
				C479BF32201F84FB0030C57A /* Storyboards */,
				395C9950200707A40025413C /* Assets.xcassets */,
				C4543843207F38460016097A /* art.scnassets */,
				395C9955200707A40025413C /* Info.plist */,
				395C9945200707A30025413C /* Products */,
				C4F50182203489740099B4BD /* Frameworks */,
				D64859F03B7FFB991C4E828B /* Configuration */,
				DBFBA3B13D550F350EEB94B9 /* LICENSE */,
			);
			sourceTree = "<group>";
		};
		395C9945200707A30025413C /* Products */ = {
			isa = PBXGroup;
			children = (
				395C9944200707A30025413C /* ScanningApp.app */,
			);
			name = Products;
			sourceTree = "<group>";
		};
		C479BF30201F84D70030C57A /* Controllers */ = {
			isa = PBXGroup;
			children = (
				395C9947200707A30025413C /* AppDelegate.swift */,
				395C994B200707A30025413C /* ViewController.swift */,
				C479BF2D201F2C790030C57A /* ViewController+Gestures.swift */,
				39D6E983207B1D05002CF536 /* ViewController+ApplicationState.swift */,
				C45BF9C9208E11420070CB19 /* ViewController+NavigationBar.swift */,
				C47D1E1620B3763C00DC3FDE /* ViewController+SessionInfo.swift */,
				C46B56362016079A001C41CE /* ShareScanViewController.swift */,
				390033F9206F15F700C61E5D /* Scan.swift */,
				39D6E976207A8878002CF536 /* TestRun.swift */,
			);
			name = Controllers;
			path = ScanningApp/Controllers;
			sourceTree = "<group>";
		};
		C479BF31201F84EB0030C57A /* Views */ = {
			isa = PBXGroup;
			children = (
				C46B563C20173795001C41CE /* MessageLabel.swift */,
				C4CE2690203AF7A1007B12A5 /* RoundedButton.swift */,
				C4B16A0720AF2DEE00BE6B5B /* FlashlightButton.swift */,
			);
			name = Views;
			path = ScanningApp/Views;
			sourceTree = "<group>";
		};
		C479BF32201F84FB0030C57A /* Storyboards */ = {
			isa = PBXGroup;
			children = (
				395C994D200707A30025413C /* Main.storyboard */,
				395C9952200707A40025413C /* LaunchScreen.storyboard */,
			);
			name = Storyboards;
			path = ScanningApp/Storyboards;
			sourceTree = "<group>";
		};
		C4F50182203489740099B4BD /* Frameworks */ = {
			isa = PBXGroup;
			children = (
			);
			name = Frameworks;
			sourceTree = "<group>";
		};
		D64859F03B7FFB991C4E828B /* Configuration */ = {
			isa = PBXGroup;
			children = (
				AA284D3298D408760002CBBA /* SampleCode.xcconfig */,
			);
			name = Configuration;
			sourceTree = "<group>";
		};
		DBFBA3B13D550F350EEB94B9 /* LICENSE */ = {
			isa = PBXGroup;
			children = (
				8A2A1D055879AB6F2D13B830 /* LICENSE.txt */,
			);
			name = LICENSE;
			path = LICENSE;
			sourceTree = "<group>";
		};
/* End PBXGroup section */

/* Begin PBXNativeTarget section */
		395C9943200707A30025413C /* ScanningApp */ = {
			isa = PBXNativeTarget;
			buildConfigurationList = 395C9958200707A40025413C /* Build configuration list for PBXNativeTarget "ScanningApp" */;
			buildPhases = (
				395C9940200707A30025413C /* Sources */,
				395C9941200707A30025413C /* Frameworks */,
				395C9942200707A30025413C /* Resources */,
			);
			buildRules = (
			);
			dependencies = (
			);
			name = ScanningApp;
			productName = ScanningApp;
			productReference = 395C9944200707A30025413C /* ScanningApp.app */;
			productType = "com.apple.product-type.application";
		};
/* End PBXNativeTarget section */

/* Begin PBXProject section */
		395C993C200707A30025413C /* Project object */ = {
			isa = PBXProject;
			attributes = {
				LastSwiftUpdateCheck = 0930;
				LastUpgradeCheck = 1000;
				ORGANIZATIONNAME = Apple;
				TargetAttributes = {
					395C9943200707A30025413C = {
						CreatedOnToolsVersion = 9.3;
						LastSwiftMigration = 1100;
						ProvisioningStyle = Automatic;
					};
				};
			};
			buildConfigurationList = 395C993F200707A30025413C /* Build configuration list for PBXProject "ScanningApp" */;
			compatibilityVersion = "Xcode 8.0";
			developmentRegion = en;
			hasScannedForEncodings = 0;
			knownRegions = (
				en,
				Base,
			);
			mainGroup = 395C993B200707A30025413C;
			productRefGroup = 395C9945200707A30025413C /* Products */;
			projectDirPath = "";
			projectRoot = "";
			targets = (
				395C9943200707A30025413C /* ScanningApp */,
			);
		};
/* End PBXProject section */

/* Begin PBXResourcesBuildPhase section */
		395C9942200707A30025413C /* Resources */ = {
			isa = PBXResourcesBuildPhase;
			buildActionMask = 2147483647;
			files = (
				1119C68320AA135800DDFCC2 /* README.md in Resources */,
				C4543844207F38460016097A /* art.scnassets in Resources */,
			);
			runOnlyForDeploymentPostprocessing = 0;
		};
/* End PBXResourcesBuildPhase section */

/* Begin PBXSourcesBuildPhase section */
		395C9940200707A30025413C /* Sources */ = {
			isa = PBXSourcesBuildPhase;
			buildActionMask = 2147483647;
			files = (
				11D4F6C120A1927700892189 /* Main.storyboard in Sources */,
				11D4F6C020A1927700892189 /* Assets.xcassets in Sources */,
				11D4F6BF20A1927700892189 /* LaunchScreen.storyboard in Sources */,
				C46B563B20173523001C41CE /* ARCameraTrackingState.swift in Sources */,
				39D6E980207A8956002CF536 /* DetectedPointCloud.swift in Sources */,
				39E6F85A200EE27800B278CA /* Utilities.swift in Sources */,
				C49D034020A086D2003D21D7 /* ThresholdRotationGestureRecognizer.swift in Sources */,
				39D6E977207A8878002CF536 /* TestRun.swift in Sources */,
				C45BF9CA208E11420070CB19 /* ViewController+NavigationBar.swift in Sources */,
				C4B16A0820AF2DEE00BE6B5B /* FlashlightButton.swift in Sources */,
				C47D1E1720B3763C00DC3FDE /* ViewController+SessionInfo.swift in Sources */,
				390033FA206F15F700C61E5D /* Scan.swift in Sources */,
				C47FEA4E20888B83008C1749 /* ThresholdPinchGestureRecognizer.swift in Sources */,
				C47CE835207794880011A27B /* ObjectOriginAxis.swift in Sources */,
				3947D3EA207543D500BDBE95 /* ScannedObject.swift in Sources */,
				C49D033A20A07F34003D21D7 /* ThresholdPanGestureRecognizer.swift in Sources */,
				C46B56342015D997001C41CE /* BoundingBox.swift in Sources */,
				39435E522072FAD9009BD1A8 /* DetectedObject.swift in Sources */,
				C42056AE20C75C9D003754C1 /* Snapping.swift in Sources */,
				390033F8206F149100C61E5D /* BoundingBoxSide.swift in Sources */,
				39778216209A704B003AA644 /* DetectedBoundingBox.swift in Sources */,
				390033E7206EE9F100C61E5D /* ObjectOrigin.swift in Sources */,
				C4A938C5208799D3008D5D13 /* Tile.swift in Sources */,
				C479BF2E201F2C790030C57A /* ViewController+Gestures.swift in Sources */,
				395C994C200707A30025413C /* ViewController.swift in Sources */,
				C46B56372016079A001C41CE /* ShareScanViewController.swift in Sources */,
				C46B563D20173795001C41CE /* MessageLabel.swift in Sources */,
				395C9948200707A30025413C /* AppDelegate.swift in Sources */,
				39D6E984207B1D05002CF536 /* ViewController+ApplicationState.swift in Sources */,
				3947D4002076927E00BDBE95 /* Wireframe.swift in Sources */,
				C47CE842207B96830011A27B /* PointCloud+CreateVisualization.swift in Sources */,
				C4CE2699203AF7A1007B12A5 /* RoundedButton.swift in Sources */,
				390033F4206F143F00C61E5D /* ScannedPointCloud.swift in Sources */,
			);
			runOnlyForDeploymentPostprocessing = 0;
		};
/* End PBXSourcesBuildPhase section */

/* Begin PBXVariantGroup section */
		395C994D200707A30025413C /* Main.storyboard */ = {
			isa = PBXVariantGroup;
			children = (
				395C994E200707A30025413C /* Base */,
			);
			name = Main.storyboard;
			sourceTree = "<group>";
		};
		395C9952200707A40025413C /* LaunchScreen.storyboard */ = {
			isa = PBXVariantGroup;
			children = (
				395C9953200707A40025413C /* Base */,
			);
			name = LaunchScreen.storyboard;
			sourceTree = "<group>";
		};
/* End PBXVariantGroup section */

/* Begin XCBuildConfiguration section */
		395C9956200707A40025413C /* Debug */ = {
			isa = XCBuildConfiguration;
			baseConfigurationReference = AA284D3298D408760002CBBA /* SampleCode.xcconfig */;
			buildSettings = {
				ALWAYS_SEARCH_USER_PATHS = NO;
				CLANG_ANALYZER_NONNULL = YES;
				CLANG_ANALYZER_NUMBER_OBJECT_CONVERSION = YES_AGGRESSIVE;
				CLANG_CXX_LANGUAGE_STANDARD = "gnu++14";
				CLANG_CXX_LIBRARY = "libc++";
				CLANG_ENABLE_MODULES = YES;
				CLANG_ENABLE_OBJC_ARC = YES;
				CLANG_ENABLE_OBJC_WEAK = YES;
				CLANG_WARN_BLOCK_CAPTURE_AUTORELEASING = YES;
				CLANG_WARN_BOOL_CONVERSION = YES;
				CLANG_WARN_COMMA = YES;
				CLANG_WARN_CONSTANT_CONVERSION = YES;
				CLANG_WARN_DEPRECATED_OBJC_IMPLEMENTATIONS = YES;
				CLANG_WARN_DIRECT_OBJC_ISA_USAGE = YES_ERROR;
				CLANG_WARN_DOCUMENTATION_COMMENTS = YES;
				CLANG_WARN_EMPTY_BODY = YES;
				CLANG_WARN_ENUM_CONVERSION = YES;
				CLANG_WARN_INFINITE_RECURSION = YES;
				CLANG_WARN_INT_CONVERSION = YES;
				CLANG_WARN_NON_LITERAL_NULL_CONVERSION = YES;
				CLANG_WARN_OBJC_IMPLICIT_RETAIN_SELF = YES;
				CLANG_WARN_OBJC_LITERAL_CONVERSION = YES;
				CLANG_WARN_OBJC_ROOT_CLASS = YES_ERROR;
				CLANG_WARN_RANGE_LOOP_ANALYSIS = YES;
				CLANG_WARN_STRICT_PROTOTYPES = YES;
				CLANG_WARN_SUSPICIOUS_MOVE = YES;
				CLANG_WARN_UNGUARDED_AVAILABILITY = YES_AGGRESSIVE;
				CLANG_WARN_UNREACHABLE_CODE = YES;
				CLANG_WARN__DUPLICATE_METHOD_MATCH = YES;
				CODE_SIGN_IDENTITY = "iPhone Developer";
				COPY_PHASE_STRIP = NO;
				DEBUG_INFORMATION_FORMAT = dwarf;
				ENABLE_STRICT_OBJC_MSGSEND = YES;
				ENABLE_TESTABILITY = YES;
				GCC_C_LANGUAGE_STANDARD = gnu11;
				GCC_DYNAMIC_NO_PIC = NO;
				GCC_NO_COMMON_BLOCKS = YES;
				GCC_OPTIMIZATION_LEVEL = 0;
				GCC_PREPROCESSOR_DEFINITIONS = (
					"DEBUG=1",
					"$(inherited)",
				);
				GCC_WARN_64_TO_32_BIT_CONVERSION = YES;
				GCC_WARN_ABOUT_RETURN_TYPE = YES_ERROR;
				GCC_WARN_UNDECLARED_SELECTOR = YES;
				GCC_WARN_UNINITIALIZED_AUTOS = YES_AGGRESSIVE;
				GCC_WARN_UNUSED_FUNCTION = YES;
				GCC_WARN_UNUSED_VARIABLE = YES;
				IPHONEOS_DEPLOYMENT_TARGET = 11.3;
				MTL_ENABLE_DEBUG_INFO = YES;
				ONLY_ACTIVE_ARCH = YES;
				SDKROOT = iphoneos;
				SWIFT_ACTIVE_COMPILATION_CONDITIONS = DEBUG;
				SWIFT_OPTIMIZATION_LEVEL = "-Onone";
			};
			name = Debug;
		};
		395C9957200707A40025413C /* Release */ = {
			isa = XCBuildConfiguration;
			baseConfigurationReference = AA284D3298D408760002CBBA /* SampleCode.xcconfig */;
			buildSettings = {
				ALWAYS_SEARCH_USER_PATHS = NO;
				CLANG_ANALYZER_NONNULL = YES;
				CLANG_ANALYZER_NUMBER_OBJECT_CONVERSION = YES_AGGRESSIVE;
				CLANG_CXX_LANGUAGE_STANDARD = "gnu++14";
				CLANG_CXX_LIBRARY = "libc++";
				CLANG_ENABLE_MODULES = YES;
				CLANG_ENABLE_OBJC_ARC = YES;
				CLANG_ENABLE_OBJC_WEAK = YES;
				CLANG_WARN_BLOCK_CAPTURE_AUTORELEASING = YES;
				CLANG_WARN_BOOL_CONVERSION = YES;
				CLANG_WARN_COMMA = YES;
				CLANG_WARN_CONSTANT_CONVERSION = YES;
				CLANG_WARN_DEPRECATED_OBJC_IMPLEMENTATIONS = YES;
				CLANG_WARN_DIRECT_OBJC_ISA_USAGE = YES_ERROR;
				CLANG_WARN_DOCUMENTATION_COMMENTS = YES;
				CLANG_WARN_EMPTY_BODY = YES;
				CLANG_WARN_ENUM_CONVERSION = YES;
				CLANG_WARN_INFINITE_RECURSION = YES;
				CLANG_WARN_INT_CONVERSION = YES;
				CLANG_WARN_NON_LITERAL_NULL_CONVERSION = YES;
				CLANG_WARN_OBJC_IMPLICIT_RETAIN_SELF = YES;
				CLANG_WARN_OBJC_LITERAL_CONVERSION = YES;
				CLANG_WARN_OBJC_ROOT_CLASS = YES_ERROR;
				CLANG_WARN_RANGE_LOOP_ANALYSIS = YES;
				CLANG_WARN_STRICT_PROTOTYPES = YES;
				CLANG_WARN_SUSPICIOUS_MOVE = YES;
				CLANG_WARN_UNGUARDED_AVAILABILITY = YES_AGGRESSIVE;
				CLANG_WARN_UNREACHABLE_CODE = YES;
				CLANG_WARN__DUPLICATE_METHOD_MATCH = YES;
				CODE_SIGN_IDENTITY = "iPhone Developer";
				COPY_PHASE_STRIP = NO;
				DEBUG_INFORMATION_FORMAT = "dwarf-with-dsym";
				ENABLE_NS_ASSERTIONS = NO;
				ENABLE_STRICT_OBJC_MSGSEND = YES;
				GCC_C_LANGUAGE_STANDARD = gnu11;
				GCC_NO_COMMON_BLOCKS = YES;
				GCC_WARN_64_TO_32_BIT_CONVERSION = YES;
				GCC_WARN_ABOUT_RETURN_TYPE = YES_ERROR;
				GCC_WARN_UNDECLARED_SELECTOR = YES;
				GCC_WARN_UNINITIALIZED_AUTOS = YES_AGGRESSIVE;
				GCC_WARN_UNUSED_FUNCTION = YES;
				GCC_WARN_UNUSED_VARIABLE = YES;
				IPHONEOS_DEPLOYMENT_TARGET = 11.3;
				MTL_ENABLE_DEBUG_INFO = NO;
				SDKROOT = iphoneos;
				SWIFT_OPTIMIZATION_LEVEL = "-Owholemodule";
				VALIDATE_PRODUCT = YES;
			};
			name = Release;
		};
		395C9959200707A40025413C /* Debug */ = {
			isa = XCBuildConfiguration;
			baseConfigurationReference = AA284D3298D408760002CBBA /* SampleCode.xcconfig */;
			buildSettings = {
				ASSETCATALOG_COMPILER_APPICON_NAME = AppIcon;
				CODE_SIGN_IDENTITY = "iPhone Developer";
				CODE_SIGN_STYLE = Automatic;
				DEBUG_INFORMATION_FORMAT = "dwarf-with-dsym";
				DEVELOPMENT_TEAM = "";
				INFOPLIST_FILE = ScanningApp/Info.plist;
				IPHONEOS_DEPLOYMENT_TARGET = 12.0;
				LD_RUNPATH_SEARCH_PATHS = "$(inherited) @executable_path/Frameworks";
				PRODUCT_BUNDLE_IDENTIFIER = "com.example.apple-samplecode.ARKitScanner${SAMPLE_CODE_DISAMBIGUATOR}";
				PRODUCT_NAME = "$(TARGET_NAME)";
				PROVISIONING_PROFILE_SPECIFIER = "";
				SWIFT_VERSION = 5.0;
				TARGETED_DEVICE_FAMILY = "1,2";
			};
			name = Debug;
		};
		395C995A200707A40025413C /* Release */ = {
			isa = XCBuildConfiguration;
			baseConfigurationReference = AA284D3298D408760002CBBA /* SampleCode.xcconfig */;
			buildSettings = {
				ASSETCATALOG_COMPILER_APPICON_NAME = AppIcon;
				CODE_SIGN_IDENTITY = "iPhone Developer";
				CODE_SIGN_STYLE = Automatic;
				DEVELOPMENT_TEAM = "";
				INFOPLIST_FILE = ScanningApp/Info.plist;
				IPHONEOS_DEPLOYMENT_TARGET = 12.0;
				LD_RUNPATH_SEARCH_PATHS = "$(inherited) @executable_path/Frameworks";
				PRODUCT_BUNDLE_IDENTIFIER = "com.example.apple-samplecode.ARKitScanner${SAMPLE_CODE_DISAMBIGUATOR}";
				PRODUCT_NAME = "$(TARGET_NAME)";
				PROVISIONING_PROFILE_SPECIFIER = "";
				SWIFT_VERSION = 5.0;
				TARGETED_DEVICE_FAMILY = "1,2";
			};
			name = Release;
		};
/* End XCBuildConfiguration section */

/* Begin XCConfigurationList section */
		395C993F200707A30025413C /* Build configuration list for PBXProject "ScanningApp" */ = {
			isa = XCConfigurationList;
			buildConfigurations = (
				395C9956200707A40025413C /* Debug */,
				395C9957200707A40025413C /* Release */,
			);
			defaultConfigurationIsVisible = 0;
			defaultConfigurationName = Release;
		};
		395C9958200707A40025413C /* Build configuration list for PBXNativeTarget "ScanningApp" */ = {
			isa = XCConfigurationList;
			buildConfigurations = (
				395C9959200707A40025413C /* Debug */,
				395C995A200707A40025413C /* Release */,
			);
			defaultConfigurationIsVisible = 0;
			defaultConfigurationName = Release;
		};
/* End XCConfigurationList section */
	};
	rootObject = 395C993C200707A30025413C /* Project object */;
}
